
Microsoft Visual Studio Solution File, Format Version 12.00
# Visual Studio Version 17
VisualStudioVersion = 17.7.34024.191
MinimumVisualStudioVersion = 10.0.40219.1
Project("{FAE04EC0-301F-11D3-BF4B-00C04F79EFBC}") = "Calculadora", "Calculadora.csproj", "{78AC394A-CF01-4E64-B532-99E0D5EF022F}"
EndProject
Global
	GlobalSection(SolutionConfigurationPlatforms) = preSolution
		Debug|Any CPU = Debug|Any CPU
		Release|Any CPU = Release|Any CPU
	EndGlobalSection
	GlobalSection(ProjectConfigurationPlatforms) = postSolution
		{78AC394A-CF01-4E64-B532-99E0D5EF022F}.Debug|Any CPU.ActiveCfg = Debug|Any CPU
		{78AC394A-CF01-4E64-B532-99E0D5EF022F}.Debug|Any CPU.Build.0 = Debug|Any CPU
		{78AC394A-CF01-4E64-B532-99E0D5EF022F}.Release|Any CPU.ActiveCfg = Release|Any CPU
		{78AC394A-CF01-4E64-B532-99E0D5EF022F}.Release|Any CPU.Build.0 = Release|Any CPU
	EndGlobalSection
	GlobalSection(SolutionProperties) = preSolution
		HideSolutionNode = FALSE
	EndGlobalSection
	GlobalSection(ExtensibilityGlobals) = postSolution
		SolutionGuid = {BB78FC97-65C7-4CB2-A322-B37D479B2AA7}
	EndGlobalSection
EndGlobal
